{
  "nodes": {
    "nixpkgs": {
      "locked": {
        "lastModified": 1720038964,
        "narHash": "sha256-im/eyMVgBg5ZXT3QxyE9TM534OG0+D8CtiFbMrf0GpY=",
        "owner": "nixos",
        "repo": "nixpkgs",
        "rev": "26d9cafa3461c8ec55a6aa7e76ec0f8db0737ff9",
        "type": "github"
      },
      "original": {
        "owner": "nixos",
        "repo": "nixpkgs",
        "type": "github"
      }
    },
    "root": {
      "inputs": {
        "nixpkgs": "nixpkgs"
      }
    }
  },
  "root": "root",
  "version": 7
}
